{
  "name": "svg-logomaker",
  "version": "1.0.0",
  "lockfileVersion": 3,
  "requires": true,
  "packages": {
    "": {
      "name": "svg-logomaker",
      "version": "1.0.0",
      "license": "ISC",
      "dependencies": {
        "is-valid-css-color": "^2.0.3"
      }
    },
    "node_modules/is-valid-css-color": {
      "version": "2.0.3",
      "resolved": "https://registry.npmjs.org/is-valid-css-color/-/is-valid-css-color-2.0.3.tgz",
      "integrity": "sha512-mKjYkmPDn85d6bldC9nTB08O1wuAJ9eCCojGoi3dfMmrm50485pXVRHZQOuq9/D93gHhJvehEvR5DFFjoJL2Nw=="
    }
  }
}
